// !$*UTF8*$!
{
	archiveVersion = 1;
	classes = {
	};
	objectVersion = 46;
	objects = {

/* Begin PBXBuildFile section */
		720D0A9D18EFB20600323ACD /* Foundation.framework in Frameworks */ = {isa = PBXBuildFile; fileRef = 72E577C818CAEB5400E8A6CF /* Foundation.framework */; };
		720D0A9F18EFB20600323ACD /* CoreGraphics.framework in Frameworks */ = {isa = PBXBuildFile; fileRef = 720D0A9E18EFB20600323ACD /* CoreGraphics.framework */; };
		720D0AA018EFB20600323ACD /* UIKit.framework in Frameworks */ = {isa = PBXBuildFile; fileRef = 72E5785018CAEC0B00E8A6CF /* UIKit.framework */; };
		720D0AA618EFB20600323ACD /* InfoPlist.strings in Resources */ = {isa = PBXBuildFile; fileRef = 720D0AA418EFB20600323ACD /* InfoPlist.strings */; };
		720D0AA818EFB20600323ACD /* main.m in Sources */ = {isa = PBXBuildFile; fileRef = 720D0AA718EFB20600323ACD /* main.m */; };
		720D0AAE18EFB20600323ACD /* Images.xcassets in Resources */ = {isa = PBXBuildFile; fileRef = 720D0AAD18EFB20600323ACD /* Images.xcassets */; };
		720D0AC918EFB32E00323ACD /* AppDelegate.m in Sources */ = {isa = PBXBuildFile; fileRef = 720D0AC818EFB32E00323ACD /* AppDelegate.m */; };
		720D0ACA18EFB41E00323ACD /* BZRuntime.m in Sources */ = {isa = PBXBuildFile; fileRef = 72E578A218CAED1300E8A6CF /* BZRuntime.m */; };
		720D0ACB18EFB42100323ACD /* BZRuntimeProperty.m in Sources */ = {isa = PBXBuildFile; fileRef = 72E578A418CAED1300E8A6CF /* BZRuntimeProperty.m */; };
		720D0ACC18EFB42400323ACD /* BZRuntimePropertyEncoding.m in Sources */ = {isa = PBXBuildFile; fileRef = 72E578A618CAED1300E8A6CF /* BZRuntimePropertyEncoding.m */; };
		720D0ACD18EFB42700323ACD /* BZRuntimePropertyType.m in Sources */ = {isa = PBXBuildFile; fileRef = 72E578A818CAED1300E8A6CF /* BZRuntimePropertyType.m */; };
		720D0AD318EFB50B00323ACD /* XCTest.framework in Frameworks */ = {isa = PBXBuildFile; fileRef = 72E5784D18CAEC0B00E8A6CF /* XCTest.framework */; };
		720D0AD418EFB50B00323ACD /* Foundation.framework in Frameworks */ = {isa = PBXBuildFile; fileRef = 72E577C818CAEB5400E8A6CF /* Foundation.framework */; };
		720D0AD518EFB50B00323ACD /* UIKit.framework in Frameworks */ = {isa = PBXBuildFile; fileRef = 72E5785018CAEC0B00E8A6CF /* UIKit.framework */; };
		720D0ADB18EFB50B00323ACD /* InfoPlist.strings in Resources */ = {isa = PBXBuildFile; fileRef = 720D0AD918EFB50B00323ACD /* InfoPlist.strings */; };
		720D0ADD18EFB50B00323ACD /* Test.m in Sources */ = {isa = PBXBuildFile; fileRef = 720D0ADC18EFB50B00323ACD /* Test.m */; };
/* End PBXBuildFile section */

/* Begin PBXContainerItemProxy section */
		720D0ADF18EFB50B00323ACD /* PBXContainerItemProxy */ = {
			isa = PBXContainerItemProxy;
			containerPortal = 72E577BD18CAEB5400E8A6CF /* Project object */;
			proxyType = 1;
			remoteGlobalIDString = 720D0A9B18EFB20600323ACD;
			remoteInfo = "BZRuntime-iOS";
		};
/* End PBXContainerItemProxy section */

/* Begin PBXFileReference section */
		720D0A9C18EFB20600323ACD /* BZRuntime-iOS.app */ = {isa = PBXFileReference; explicitFileType = wrapper.application; includeInIndex = 0; path = "BZRuntime-iOS.app"; sourceTree = BUILT_PRODUCTS_DIR; };
		720D0A9E18EFB20600323ACD /* CoreGraphics.framework */ = {isa = PBXFileReference; lastKnownFileType = wrapper.framework; name = CoreGraphics.framework; path = System/Library/Frameworks/CoreGraphics.framework; sourceTree = SDKROOT; };
		720D0AA318EFB20600323ACD /* BZRuntime-iOS-Info.plist */ = {isa = PBXFileReference; lastKnownFileType = text.plist.xml; path = "BZRuntime-iOS-Info.plist"; sourceTree = "<group>"; };
		720D0AA518EFB20600323ACD /* en */ = {isa = PBXFileReference; lastKnownFileType = text.plist.strings; name = en; path = en.lproj/InfoPlist.strings; sourceTree = "<group>"; };
		720D0AA718EFB20600323ACD /* main.m */ = {isa = PBXFileReference; lastKnownFileType = sourcecode.c.objc; path = main.m; sourceTree = "<group>"; };
		720D0AA918EFB20600323ACD /* BZRuntime-iOS-Prefix.pch */ = {isa = PBXFileReference; lastKnownFileType = sourcecode.c.h; path = "BZRuntime-iOS-Prefix.pch"; sourceTree = "<group>"; };
		720D0AAD18EFB20600323ACD /* Images.xcassets */ = {isa = PBXFileReference; lastKnownFileType = folder.assetcatalog; path = Images.xcassets; sourceTree = "<group>"; };
		720D0AC718EFB32E00323ACD /* AppDelegate.h */ = {isa = PBXFileReference; fileEncoding = 4; lastKnownFileType = sourcecode.c.h; path = AppDelegate.h; sourceTree = "<group>"; };
		720D0AC818EFB32E00323ACD /* AppDelegate.m */ = {isa = PBXFileReference; fileEncoding = 4; lastKnownFileType = sourcecode.c.objc; path = AppDelegate.m; sourceTree = "<group>"; };
		720D0AD218EFB50B00323ACD /* Test.xctest */ = {isa = PBXFileReference; explicitFileType = wrapper.cfbundle; includeInIndex = 0; path = Test.xctest; sourceTree = BUILT_PRODUCTS_DIR; };
		720D0AD818EFB50B00323ACD /* Test-Info.plist */ = {isa = PBXFileReference; lastKnownFileType = text.plist.xml; path = "Test-Info.plist"; sourceTree = "<group>"; };
		720D0ADA18EFB50B00323ACD /* en */ = {isa = PBXFileReference; lastKnownFileType = text.plist.strings; name = en; path = en.lproj/InfoPlist.strings; sourceTree = "<group>"; };
		720D0ADC18EFB50B00323ACD /* Test.m */ = {isa = PBXFileReference; lastKnownFileType = sourcecode.c.objc; path = Test.m; sourceTree = "<group>"; };
		720D0ADE18EFB50B00323ACD /* Test-Prefix.pch */ = {isa = PBXFileReference; lastKnownFileType = sourcecode.c.h; path = "Test-Prefix.pch"; sourceTree = "<group>"; };
		72E577C818CAEB5400E8A6CF /* Foundation.framework */ = {isa = PBXFileReference; lastKnownFileType = wrapper.framework; name = Foundation.framework; path = System/Library/Frameworks/Foundation.framework; sourceTree = SDKROOT; };
		72E5784D18CAEC0B00E8A6CF /* XCTest.framework */ = {isa = PBXFileReference; lastKnownFileType = wrapper.framework; name = XCTest.framework; path = Library/Frameworks/XCTest.framework; sourceTree = DEVELOPER_DIR; };
		72E5785018CAEC0B00E8A6CF /* UIKit.framework */ = {isa = PBXFileReference; lastKnownFileType = wrapper.framework; name = UIKit.framework; path = Library/Frameworks/UIKit.framework; sourceTree = DEVELOPER_DIR; };
		72E578A118CAED1300E8A6CF /* BZRuntime.h */ = {isa = PBXFileReference; fileEncoding = 4; lastKnownFileType = sourcecode.c.h; path = BZRuntime.h; sourceTree = "<group>"; };
		72E578A218CAED1300E8A6CF /* BZRuntime.m */ = {isa = PBXFileReference; fileEncoding = 4; lastKnownFileType = sourcecode.c.objc; path = BZRuntime.m; sourceTree = "<group>"; };
		72E578A318CAED1300E8A6CF /* BZRuntimeProperty.h */ = {isa = PBXFileReference; fileEncoding = 4; lastKnownFileType = sourcecode.c.h; path = BZRuntimeProperty.h; sourceTree = "<group>"; };
		72E578A418CAED1300E8A6CF /* BZRuntimeProperty.m */ = {isa = PBXFileReference; fileEncoding = 4; lastKnownFileType = sourcecode.c.objc; path = BZRuntimeProperty.m; sourceTree = "<group>"; };
		72E578A518CAED1300E8A6CF /* BZRuntimePropertyEncoding.h */ = {isa = PBXFileReference; fileEncoding = 4; lastKnownFileType = sourcecode.c.h; path = BZRuntimePropertyEncoding.h; sourceTree = "<group>"; };
		72E578A618CAED1300E8A6CF /* BZRuntimePropertyEncoding.m */ = {isa = PBXFileReference; fileEncoding = 4; lastKnownFileType = sourcecode.c.objc; path = BZRuntimePropertyEncoding.m; sourceTree = "<group>"; };
		72E578A718CAED1300E8A6CF /* BZRuntimePropertyType.h */ = {isa = PBXFileReference; fileEncoding = 4; lastKnownFileType = sourcecode.c.h; path = BZRuntimePropertyType.h; sourceTree = "<group>"; };
		72E578A818CAED1300E8A6CF /* BZRuntimePropertyType.m */ = {isa = PBXFileReference; fileEncoding = 4; lastKnownFileType = sourcecode.c.objc; path = BZRuntimePropertyType.m; sourceTree = "<group>"; };
/* End PBXFileReference section */

/* Begin PBXFrameworksBuildPhase section */
		720D0A9918EFB20600323ACD /* Frameworks */ = {
			isa = PBXFrameworksBuildPhase;
			buildActionMask = 2147483647;
			files = (
				720D0A9F18EFB20600323ACD /* CoreGraphics.framework in Frameworks */,
				720D0AA018EFB20600323ACD /* UIKit.framework in Frameworks */,
				720D0A9D18EFB20600323ACD /* Foundation.framework in Frameworks */,
			);
			runOnlyForDeploymentPostprocessing = 0;
		};
		720D0ACF18EFB50B00323ACD /* Frameworks */ = {
			isa = PBXFrameworksBuildPhase;
			buildActionMask = 2147483647;
			files = (
				720D0AD318EFB50B00323ACD /* XCTest.framework in Frameworks */,
				720D0AD518EFB50B00323ACD /* UIKit.framework in Frameworks */,
				720D0AD418EFB50B00323ACD /* Foundation.framework in Frameworks */,
			);
			runOnlyForDeploymentPostprocessing = 0;
		};
/* End PBXFrameworksBuildPhase section */

/* Begin PBXGroup section */
		720D0AA118EFB20600323ACD /* BZRuntime-iOS */ = {
			isa = PBXGroup;
			children = (
				720D0AC718EFB32E00323ACD /* AppDelegate.h */,
				720D0AC818EFB32E00323ACD /* AppDelegate.m */,
				720D0AAD18EFB20600323ACD /* Images.xcassets */,
				720D0AA218EFB20600323ACD /* Supporting Files */,
			);
			path = "BZRuntime-iOS";
			sourceTree = "<group>";
		};
		720D0AA218EFB20600323ACD /* Supporting Files */ = {
			isa = PBXGroup;
			children = (
				720D0AA318EFB20600323ACD /* BZRuntime-iOS-Info.plist */,
				720D0AA418EFB20600323ACD /* InfoPlist.strings */,
				720D0AA718EFB20600323ACD /* main.m */,
				720D0AA918EFB20600323ACD /* BZRuntime-iOS-Prefix.pch */,
			);
			name = "Supporting Files";
			sourceTree = "<group>";
		};
		720D0AD618EFB50B00323ACD /* Test */ = {
			isa = PBXGroup;
			children = (
				720D0ADC18EFB50B00323ACD /* Test.m */,
				720D0AD718EFB50B00323ACD /* Supporting Files */,
			);
			path = Test;
			sourceTree = "<group>";
		};
		720D0AD718EFB50B00323ACD /* Supporting Files */ = {
			isa = PBXGroup;
			children = (
				720D0AD818EFB50B00323ACD /* Test-Info.plist */,
				720D0AD918EFB50B00323ACD /* InfoPlist.strings */,
				720D0ADE18EFB50B00323ACD /* Test-Prefix.pch */,
			);
			name = "Supporting Files";
			sourceTree = "<group>";
		};
		72E577BC18CAEB5400E8A6CF = {
			isa = PBXGroup;
			children = (
				72E577CA18CAEB5400E8A6CF /* BZRuntime */,
				720D0AA118EFB20600323ACD /* BZRuntime-iOS */,
				720D0AD618EFB50B00323ACD /* Test */,
				72E577C718CAEB5400E8A6CF /* Frameworks */,
				72E577C618CAEB5400E8A6CF /* Products */,
			);
			sourceTree = "<group>";
		};
		72E577C618CAEB5400E8A6CF /* Products */ = {
			isa = PBXGroup;
			children = (
				720D0A9C18EFB20600323ACD /* BZRuntime-iOS.app */,
				720D0AD218EFB50B00323ACD /* Test.xctest */,
			);
			name = Products;
			sourceTree = "<group>";
		};
		72E577C718CAEB5400E8A6CF /* Frameworks */ = {
			isa = PBXGroup;
			children = (
				72E577C818CAEB5400E8A6CF /* Foundation.framework */,
				72E5784D18CAEC0B00E8A6CF /* XCTest.framework */,
				72E5785018CAEC0B00E8A6CF /* UIKit.framework */,
				720D0A9E18EFB20600323ACD /* CoreGraphics.framework */,
			);
			name = Frameworks;
			sourceTree = "<group>";
		};
		72E577CA18CAEB5400E8A6CF /* BZRuntime */ = {
			isa = PBXGroup;
			children = (
				72E578A118CAED1300E8A6CF /* BZRuntime.h */,
				72E578A218CAED1300E8A6CF /* BZRuntime.m */,
				72E578A318CAED1300E8A6CF /* BZRuntimeProperty.h */,
				72E578A418CAED1300E8A6CF /* BZRuntimeProperty.m */,
				72E578A518CAED1300E8A6CF /* BZRuntimePropertyEncoding.h */,
				72E578A618CAED1300E8A6CF /* BZRuntimePropertyEncoding.m */,
				72E578A718CAED1300E8A6CF /* BZRuntimePropertyType.h */,
				72E578A818CAED1300E8A6CF /* BZRuntimePropertyType.m */,
			);
			path = BZRuntime;
			sourceTree = "<group>";
		};
/* End PBXGroup section */

/* Begin PBXNativeTarget section */
		720D0A9B18EFB20600323ACD /* BZRuntime-iOS */ = {
			isa = PBXNativeTarget;
			buildConfigurationList = 720D0AC118EFB20600323ACD /* Build configuration list for PBXNativeTarget "BZRuntime-iOS" */;
			buildPhases = (
				720D0A9818EFB20600323ACD /* Sources */,
				720D0A9918EFB20600323ACD /* Frameworks */,
				720D0A9A18EFB20600323ACD /* Resources */,
			);
			buildRules = (
			);
			dependencies = (
			);
			name = "BZRuntime-iOS";
			productName = "BZRuntime-iOS";
			productReference = 720D0A9C18EFB20600323ACD /* BZRuntime-iOS.app */;
			productType = "com.apple.product-type.application";
		};
		720D0AD118EFB50B00323ACD /* Test */ = {
			isa = PBXNativeTarget;
			buildConfigurationList = 720D0AE118EFB50B00323ACD /* Build configuration list for PBXNativeTarget "Test" */;
			buildPhases = (
				720D0ACE18EFB50B00323ACD /* Sources */,
				720D0ACF18EFB50B00323ACD /* Frameworks */,
				720D0AD018EFB50B00323ACD /* Resources */,
			);
			buildRules = (
			);
			dependencies = (
				720D0AE018EFB50B00323ACD /* PBXTargetDependency */,
			);
			name = Test;
			productName = Test;
			productReference = 720D0AD218EFB50B00323ACD /* Test.xctest */;
			productType = "com.apple.product-type.bundle.unit-test";
		};
/* End PBXNativeTarget section */

/* Begin PBXProject section */
		72E577BD18CAEB5400E8A6CF /* Project object */ = {
			isa = PBXProject;
			attributes = {
				LastUpgradeCheck = 0500;
				ORGANIZATIONNAME = "bonzoo llc";
				TargetAttributes = {
					720D0AD118EFB50B00323ACD = {
						TestTargetID = 720D0A9B18EFB20600323ACD;
					};
				};
			};
			buildConfigurationList = 72E577C018CAEB5400E8A6CF /* Build configuration list for PBXProject "BZRuntime" */;
			compatibilityVersion = "Xcode 3.2";
			developmentRegion = English;
			hasScannedForEncodings = 0;
			knownRegions = (
				en,
			);
			mainGroup = 72E577BC18CAEB5400E8A6CF;
			productRefGroup = 72E577C618CAEB5400E8A6CF /* Products */;
			projectDirPath = "";
			projectRoot = "";
			targets = (
				720D0A9B18EFB20600323ACD /* BZRuntime-iOS */,
				720D0AD118EFB50B00323ACD /* Test */,
			);
		};
/* End PBXProject section */

/* Begin PBXResourcesBuildPhase section */
		720D0A9A18EFB20600323ACD /* Resources */ = {
			isa = PBXResourcesBuildPhase;
			buildActionMask = 2147483647;
			files = (
				720D0AA618EFB20600323ACD /* InfoPlist.strings in Resources */,
				720D0AAE18EFB20600323ACD /* Images.xcassets in Resources */,
			);
			runOnlyForDeploymentPostprocessing = 0;
		};
		720D0AD018EFB50B00323ACD /* Resources */ = {
			isa = PBXResourcesBuildPhase;
			buildActionMask = 2147483647;
			files = (
				720D0ADB18EFB50B00323ACD /* InfoPlist.strings in Resources */,
			);
			runOnlyForDeploymentPostprocessing = 0;
		};
/* End PBXResourcesBuildPhase section */

/* Begin PBXSourcesBuildPhase section */
		720D0A9818EFB20600323ACD /* Sources */ = {
			isa = PBXSourcesBuildPhase;
			buildActionMask = 2147483647;
			files = (
				720D0ACA18EFB41E00323ACD /* BZRuntime.m in Sources */,
				720D0AC918EFB32E00323ACD /* AppDelegate.m in Sources */,
				720D0AA818EFB20600323ACD /* main.m in Sources */,
				720D0ACB18EFB42100323ACD /* BZRuntimeProperty.m in Sources */,
				720D0ACC18EFB42400323ACD /* BZRuntimePropertyEncoding.m in Sources */,
				720D0ACD18EFB42700323ACD /* BZRuntimePropertyType.m in Sources */,
			);
			runOnlyForDeploymentPostprocessing = 0;
		};
		720D0ACE18EFB50B00323ACD /* Sources */ = {
			isa = PBXSourcesBuildPhase;
			buildActionMask = 2147483647;
			files = (
				720D0ADD18EFB50B00323ACD /* Test.m in Sources */,
			);
			runOnlyForDeploymentPostprocessing = 0;
		};
/* End PBXSourcesBuildPhase section */

/* Begin PBXTargetDependency section */
		720D0AE018EFB50B00323ACD /* PBXTargetDependency */ = {
			isa = PBXTargetDependency;
			target = 720D0A9B18EFB20600323ACD /* BZRuntime-iOS */;
			targetProxy = 720D0ADF18EFB50B00323ACD /* PBXContainerItemProxy */;
		};
/* End PBXTargetDependency section */

/* Begin PBXVariantGroup section */
		720D0AA418EFB20600323ACD /* InfoPlist.strings */ = {
			isa = PBXVariantGroup;
			children = (
				720D0AA518EFB20600323ACD /* en */,
			);
			name = InfoPlist.strings;
			sourceTree = "<group>";
		};
		720D0AD918EFB50B00323ACD /* InfoPlist.strings */ = {
			isa = PBXVariantGroup;
			children = (
				720D0ADA18EFB50B00323ACD /* en */,
			);
			name = InfoPlist.strings;
			sourceTree = "<group>";
		};
/* End PBXVariantGroup section */

/* Begin XCBuildConfiguration section */
		720D0AC218EFB20600323ACD /* Debug */ = {
			isa = XCBuildConfiguration;
			buildSettings = {
				ASSETCATALOG_COMPILER_APPICON_NAME = AppIcon;
				ASSETCATALOG_COMPILER_LAUNCHIMAGE_NAME = LaunchImage;
				CLANG_ENABLE_MODULES = YES;
				"CODE_SIGN_IDENTITY[sdk=iphoneos*]" = "iPhone Developer";
				FRAMEWORK_SEARCH_PATHS = (
					"$(inherited)",
					"$(DEVELOPER_FRAMEWORKS_DIR)",
				);
				GCC_PRECOMPILE_PREFIX_HEADER = YES;
				GCC_PREFIX_HEADER = "BZRuntime-iOS/BZRuntime-iOS-Prefix.pch";
				GCC_PREPROCESSOR_DEFINITIONS = (
					"DEBUG=1",
					"$(inherited)",
				);
				GCC_WARN_UNINITIALIZED_AUTOS = YES_AGGRESSIVE;
				INFOPLIST_FILE = "BZRuntime-iOS/BZRuntime-iOS-Info.plist";
				IPHONEOS_DEPLOYMENT_TARGET = 7.1;
				PRODUCT_NAME = "$(TARGET_NAME)";
				SDKROOT = iphoneos;
				WRAPPER_EXTENSION = app;
			};
			name = Debug;
		};
		720D0AC318EFB20600323ACD /* Release */ = {
			isa = XCBuildConfiguration;
			buildSettings = {
				ASSETCATALOG_COMPILER_APPICON_NAME = AppIcon;
				ASSETCATALOG_COMPILER_LAUNCHIMAGE_NAME = LaunchImage;
				CLANG_ENABLE_MODULES = YES;
				"CODE_SIGN_IDENTITY[sdk=iphoneos*]" = "iPhone Developer";
				FRAMEWORK_SEARCH_PATHS = (
					"$(inherited)",
					"$(DEVELOPER_FRAMEWORKS_DIR)",
				);
				GCC_PRECOMPILE_PREFIX_HEADER = YES;
				GCC_PREFIX_HEADER = "BZRuntime-iOS/BZRuntime-iOS-Prefix.pch";
				GCC_WARN_UNINITIALIZED_AUTOS = YES_AGGRESSIVE;
				INFOPLIST_FILE = "BZRuntime-iOS/BZRuntime-iOS-Info.plist";
				IPHONEOS_DEPLOYMENT_TARGET = 7.1;
				PRODUCT_NAME = "$(TARGET_NAME)";
				SDKROOT = iphoneos;
				VALIDATE_PRODUCT = YES;
				WRAPPER_EXTENSION = app;
			};
			name = Release;
		};
		720D0AE218EFB50B00323ACD /* Debug */ = {
			isa = XCBuildConfiguration;
			buildSettings = {
				BUNDLE_LOADER = "$(BUILT_PRODUCTS_DIR)/BZRuntime-iOS.app/BZRuntime-iOS";
				CLANG_ENABLE_MODULES = YES;
				FRAMEWORK_SEARCH_PATHS = (
					"$(SDKROOT)/Developer/Library/Frameworks",
					"$(inherited)",
					"$(DEVELOPER_FRAMEWORKS_DIR)",
				);
				GCC_PRECOMPILE_PREFIX_HEADER = YES;
				GCC_PREFIX_HEADER = "Test/Test-Prefix.pch";
				GCC_PREPROCESSOR_DEFINITIONS = (
					"DEBUG=1",
					"$(inherited)",
				);
				GCC_WARN_UNINITIALIZED_AUTOS = YES_AGGRESSIVE;
				INFOPLIST_FILE = "Test/Test-Info.plist";
				IPHONEOS_DEPLOYMENT_TARGET = 7.1;
				PRODUCT_NAME = "$(TARGET_NAME)";
				SDKROOT = iphoneos;
				TEST_HOST = "$(BUNDLE_LOADER)";
				WRAPPER_EXTENSION = xctest;
			};
			name = Debug;
		};
		720D0AE318EFB50B00323ACD /* Release */ = {
			isa = XCBuildConfiguration;
			buildSettings = {
				BUNDLE_LOADER = "$(BUILT_PRODUCTS_DIR)/BZRuntime-iOS.app/BZRuntime-iOS";
				CLANG_ENABLE_MODULES = YES;
				FRAMEWORK_SEARCH_PATHS = (
					"$(SDKROOT)/Developer/Library/Frameworks",
					"$(inherited)",
					"$(DEVELOPER_FRAMEWORKS_DIR)",
				);
				GCC_PRECOMPILE_PREFIX_HEADER = YES;
				GCC_PREFIX_HEADER = "Test/Test-Prefix.pch";
				GCC_WARN_UNINITIALIZED_AUTOS = YES_AGGRESSIVE;
				INFOPLIST_FILE = "Test/Test-Info.plist";
				IPHONEOS_DEPLOYMENT_TARGET = 7.1;
				PRODUCT_NAME = "$(TARGET_NAME)";
				SDKROOT = iphoneos;
				TEST_HOST = "$(BUNDLE_LOADER)";
				VALIDATE_PRODUCT = YES;
				WRAPPER_EXTENSION = xctest;
			};
			name = Release;
		};
		72E577D118CAEB5400E8A6CF /* Debug */ = {
			isa = XCBuildConfiguration;
			buildSettings = {
				ALWAYS_SEARCH_USER_PATHS = NO;
				CLANG_CXX_LANGUAGE_STANDARD = "gnu++0x";
				CLANG_CXX_LIBRARY = "libc++";
				CLANG_ENABLE_OBJC_ARC = YES;
				CLANG_WARN_BOOL_CONVERSION = YES;
				CLANG_WARN_CONSTANT_CONVERSION = YES;
				CLANG_WARN_DIRECT_OBJC_ISA_USAGE = YES_ERROR;
				CLANG_WARN_EMPTY_BODY = YES;
				CLANG_WARN_ENUM_CONVERSION = YES;
				CLANG_WARN_INT_CONVERSION = YES;
				CLANG_WARN_OBJC_ROOT_CLASS = YES_ERROR;
				CLANG_WARN__DUPLICATE_METHOD_MATCH = YES;
				COPY_PHASE_STRIP = NO;
				GCC_C_LANGUAGE_STANDARD = gnu99;
				GCC_DYNAMIC_NO_PIC = NO;
				GCC_ENABLE_OBJC_EXCEPTIONS = YES;
				GCC_OPTIMIZATION_LEVEL = 0;
				GCC_PREPROCESSOR_DEFINITIONS = (
					"DEBUG=1",
					"$(inherited)",
				);
				GCC_SYMBOLS_PRIVATE_EXTERN = NO;
				GCC_WARN_64_TO_32_BIT_CONVERSION = YES;
				GCC_WARN_ABOUT_RETURN_TYPE = YES_ERROR;
				GCC_WARN_UNDECLARED_SELECTOR = YES;
				GCC_WARN_UNINITIALIZED_AUTOS = YES;
				GCC_WARN_UNUSED_FUNCTION = YES;
				GCC_WARN_UNUSED_VARIABLE = YES;
				MACOSX_DEPLOYMENT_TARGET = 10.9;
				ONLY_ACTIVE_ARCH = YES;
				SDKROOT = macosx;
			};
			name = Debug;
		};
		72E577D218CAEB5400E8A6CF /* Release */ = {
			isa = XCBuildConfiguration;
			buildSettings = {
				ALWAYS_SEARCH_USER_PATHS = NO;
				CLANG_CXX_LANGUAGE_STANDARD = "gnu++0x";
				CLANG_CXX_LIBRARY = "libc++";
				CLANG_ENABLE_OBJC_ARC = YES;
				CLANG_WARN_BOOL_CONVERSION = YES;
				CLANG_WARN_CONSTANT_CONVERSION = YES;
				CLANG_WARN_DIRECT_OBJC_ISA_USAGE = YES_ERROR;
				CLANG_WARN_EMPTY_BODY = YES;
				CLANG_WARN_ENUM_CONVERSION = YES;
				CLANG_WARN_INT_CONVERSION = YES;
				CLANG_WARN_OBJC_ROOT_CLASS = YES_ERROR;
				CLANG_WARN__DUPLICATE_METHOD_MATCH = YES;
				COPY_PHASE_STRIP = YES;
				DEBUG_INFORMATION_FORMAT = "dwarf-with-dsym";
				ENABLE_NS_ASSERTIONS = NO;
				GCC_C_LANGUAGE_STANDARD = gnu99;
				GCC_ENABLE_OBJC_EXCEPTIONS = YES;
				GCC_WARN_64_TO_32_BIT_CONVERSION = YES;
				GCC_WARN_ABOUT_RETURN_TYPE = YES_ERROR;
				GCC_WARN_UNDECLARED_SELECTOR = YES;
				GCC_WARN_UNINITIALIZED_AUTOS = YES;
				GCC_WARN_UNUSED_FUNCTION = YES;
				GCC_WARN_UNUSED_VARIABLE = YES;
				MACOSX_DEPLOYMENT_TARGET = 10.9;
				SDKROOT = macosx;
			};
			name = Release;
		};
/* End XCBuildConfiguration section */

/* Begin XCConfigurationList section */
		720D0AC118EFB20600323ACD /* Build configuration list for PBXNativeTarget "BZRuntime-iOS" */ = {
			isa = XCConfigurationList;
			buildConfigurations = (
				720D0AC218EFB20600323ACD /* Debug */,
				720D0AC318EFB20600323ACD /* Release */,
			);
			defaultConfigurationIsVisible = 0;
			defaultConfigurationName = Release;
		};
		720D0AE118EFB50B00323ACD /* Build configuration list for PBXNativeTarget "Test" */ = {
			isa = XCConfigurationList;
			buildConfigurations = (
				720D0AE218EFB50B00323ACD /* Debug */,
				720D0AE318EFB50B00323ACD /* Release */,
			);
			defaultConfigurationIsVisible = 0;
		};
		72E577C018CAEB5400E8A6CF /* Build configuration list for PBXProject "BZRuntime" */ = {
			isa = XCConfigurationList;
			buildConfigurations = (
				72E577D118CAEB5400E8A6CF /* Debug */,
				72E577D218CAEB5400E8A6CF /* Release */,
			);
			defaultConfigurationIsVisible = 0;
			defaultConfigurationName = Release;
		};
/* End XCConfigurationList section */
	};
	rootObject = 72E577BD18CAEB5400E8A6CF /* Project object */;
}
